PODS:
  - Mapbox-iOS-SDK (4.1.0)
  - MapboxStatic.swift (0.10.0):
    - Polyline (~> 4.2)
  - Polyline (4.2.0)

DEPENDENCIES:
  - Mapbox-iOS-SDK
  - MapboxStatic.swift (~> 0.10)

SPEC REPOS:
  https://github.com/cocoapods/specs.git:
    - Mapbox-iOS-SDK
    - MapboxStatic.swift
    - Polyline

SPEC CHECKSUMS:
  Mapbox-iOS-SDK: f0a9813d5f08c096c1199eceb57ec6102b19cf54
  MapboxStatic.swift: 129b93eaadacf71b81387e6fb2809d66a0ef210f
  Polyline: 3d69f75bb136357e27291d439d0436c6ebda57a4

PODFILE CHECKSUM: 7708d707e7ecf970bfb8f9a8f8dc6064414cf7e0

COCOAPODS: 1.6.0.beta.1
