// !$*UTF8*$!
{
	archiveVersion = 1;
	classes = {
	};
	objectVersion = 50;
	objects = {

/* Begin PBXBuildFile section */
		079F41F920E43725007EEB5E /* AppDelegate.m in Sources */ = {isa = PBXBuildFile; fileRef = 079F41F820E43725007EEB5E /* AppDelegate.m */; };
		079F41FC20E43725007EEB5E /* ViewController.m in Sources */ = {isa = PBXBuildFile; fileRef = 079F41FB20E43725007EEB5E /* ViewController.m */; };
		079F41FF20E43725007EEB5E /* Main.storyboard in Resources */ = {isa = PBXBuildFile; fileRef = 079F41FD20E43725007EEB5E /* Main.storyboard */; };
		079F420120E43727007EEB5E /* Assets.xcassets in Resources */ = {isa = PBXBuildFile; fileRef = 079F420020E43727007EEB5E /* Assets.xcassets */; };
		079F420420E43727007EEB5E /* LaunchScreen.storyboard in Resources */ = {isa = PBXBuildFile; fileRef = 079F420220E43727007EEB5E /* LaunchScreen.storyboard */; };
		079F420720E43727007EEB5E /* main.m in Sources */ = {isa = PBXBuildFile; fileRef = 079F420620E43727007EEB5E /* main.m */; };
		07AB219B21C99FB600C2C5C4 /* send_a_map_Tests.m in Sources */ = {isa = PBXBuildFile; fileRef = 07AB219A21C99FB600C2C5C4 /* send_a_map_Tests.m */; };
		07BC82E421CB1BE90068887F /* CustomDrawingView.m in Sources */ = {isa = PBXBuildFile; fileRef = 07BC82E321CB1BE90068887F /* CustomDrawingView.m */; };
		213EDEE0664F32DB44511C48 /* Pods_send_a_map_Tests.framework in Frameworks */ = {isa = PBXBuildFile; fileRef = 29918FBEBD69AC5B29966D58 /* Pods_send_a_map_Tests.framework */; };
		282D9CC2FE42C419903A30EB /* Pods_send_a_map.framework in Frameworks */ = {isa = PBXBuildFile; fileRef = 7BCA21398E6B5CF15B88B674 /* Pods_send_a_map.framework */; };
/* End PBXBuildFile section */

/* Begin PBXContainerItemProxy section */
		07AB219D21C99FB600C2C5C4 /* PBXContainerItemProxy */ = {
			isa = PBXContainerItemProxy;
			containerPortal = 079F41EC20E43725007EEB5E /* Project object */;
			proxyType = 1;
			remoteGlobalIDString = 079F41F320E43725007EEB5E;
			remoteInfo = "send-a-map";
		};
/* End PBXContainerItemProxy section */

/* Begin PBXFileReference section */
		023509C97E833B9202AFAD60 /* Pods-send-a-mapUITests.release.xcconfig */ = {isa = PBXFileReference; includeInIndex = 1; lastKnownFileType = text.xcconfig; name = "Pods-send-a-mapUITests.release.xcconfig"; path = "Pods/Target Support Files/Pods-send-a-mapUITests/Pods-send-a-mapUITests.release.xcconfig"; sourceTree = "<group>"; };
		079F41F420E43725007EEB5E /* send-a-map.app */ = {isa = PBXFileReference; explicitFileType = wrapper.application; includeInIndex = 0; path = "send-a-map.app"; sourceTree = BUILT_PRODUCTS_DIR; };
		079F41F720E43725007EEB5E /* AppDelegate.h */ = {isa = PBXFileReference; lastKnownFileType = sourcecode.c.h; path = AppDelegate.h; sourceTree = "<group>"; };
		079F41F820E43725007EEB5E /* AppDelegate.m */ = {isa = PBXFileReference; lastKnownFileType = sourcecode.c.objc; path = AppDelegate.m; sourceTree = "<group>"; };
		079F41FA20E43725007EEB5E /* ViewController.h */ = {isa = PBXFileReference; lastKnownFileType = sourcecode.c.h; path = ViewController.h; sourceTree = "<group>"; };
		079F41FB20E43725007EEB5E /* ViewController.m */ = {isa = PBXFileReference; lastKnownFileType = sourcecode.c.objc; path = ViewController.m; sourceTree = "<group>"; };
		079F41FE20E43725007EEB5E /* Base */ = {isa = PBXFileReference; lastKnownFileType = file.storyboard; name = Base; path = Base.lproj/Main.storyboard; sourceTree = "<group>"; };
		079F420020E43727007EEB5E /* Assets.xcassets */ = {isa = PBXFileReference; lastKnownFileType = folder.assetcatalog; path = Assets.xcassets; sourceTree = "<group>"; };
		079F420320E43727007EEB5E /* Base */ = {isa = PBXFileReference; lastKnownFileType = file.storyboard; name = Base; path = Base.lproj/LaunchScreen.storyboard; sourceTree = "<group>"; };
		079F420520E43727007EEB5E /* Info.plist */ = {isa = PBXFileReference; lastKnownFileType = text.plist.xml; path = Info.plist; sourceTree = "<group>"; };
		079F420620E43727007EEB5E /* main.m */ = {isa = PBXFileReference; lastKnownFileType = sourcecode.c.objc; path = main.m; sourceTree = "<group>"; };
		07AB219821C99FB600C2C5C4 /* send-a-map-Tests.xctest */ = {isa = PBXFileReference; explicitFileType = wrapper.cfbundle; includeInIndex = 0; path = "send-a-map-Tests.xctest"; sourceTree = BUILT_PRODUCTS_DIR; };
		07AB219A21C99FB600C2C5C4 /* send_a_map_Tests.m */ = {isa = PBXFileReference; lastKnownFileType = sourcecode.c.objc; path = send_a_map_Tests.m; sourceTree = "<group>"; };
		07AB219C21C99FB600C2C5C4 /* Info.plist */ = {isa = PBXFileReference; lastKnownFileType = text.plist.xml; path = Info.plist; sourceTree = "<group>"; };
		07BC82E221CB1BE90068887F /* CustomDrawingView.h */ = {isa = PBXFileReference; lastKnownFileType = sourcecode.c.h; path = CustomDrawingView.h; sourceTree = "<group>"; };
		07BC82E321CB1BE90068887F /* CustomDrawingView.m */ = {isa = PBXFileReference; lastKnownFileType = sourcecode.c.objc; path = CustomDrawingView.m; sourceTree = "<group>"; };
		0B0D6B517D990EDA50576B97 /* libPods-location-share.a */ = {isa = PBXFileReference; explicitFileType = archive.ar; includeInIndex = 0; path = "libPods-location-share.a"; sourceTree = BUILT_PRODUCTS_DIR; };
		1DCC4FD241816227A4C28F30 /* libPods-location-shareTests.a */ = {isa = PBXFileReference; explicitFileType = archive.ar; includeInIndex = 0; path = "libPods-location-shareTests.a"; sourceTree = BUILT_PRODUCTS_DIR; };
		29918FBEBD69AC5B29966D58 /* Pods_send_a_map_Tests.framework */ = {isa = PBXFileReference; explicitFileType = wrapper.framework; includeInIndex = 0; path = Pods_send_a_map_Tests.framework; sourceTree = BUILT_PRODUCTS_DIR; };
		496C0B37F3806A9494033B20 /* Pods-location-shareTests.debug.xcconfig */ = {isa = PBXFileReference; includeInIndex = 1; lastKnownFileType = text.xcconfig; name = "Pods-location-shareTests.debug.xcconfig"; path = "Pods/Target Support Files/Pods-location-shareTests/Pods-location-shareTests.debug.xcconfig"; sourceTree = "<group>"; };
		5EEE4F442E587E7A8AE969C9 /* Pods-location-shareUITests.release.xcconfig */ = {isa = PBXFileReference; includeInIndex = 1; lastKnownFileType = text.xcconfig; name = "Pods-location-shareUITests.release.xcconfig"; path = "Pods/Target Support Files/Pods-location-shareUITests/Pods-location-shareUITests.release.xcconfig"; sourceTree = "<group>"; };
		66A5D696BB0773C2B72026DF /* Pods-send-a-map-Tests.release.xcconfig */ = {isa = PBXFileReference; includeInIndex = 1; lastKnownFileType = text.xcconfig; name = "Pods-send-a-map-Tests.release.xcconfig"; path = "Pods/Target Support Files/Pods-send-a-map-Tests/Pods-send-a-map-Tests.release.xcconfig"; sourceTree = "<group>"; };
		66F5B2A9DF6F061B7FBFF67A /* Pods-send-a-map.release.xcconfig */ = {isa = PBXFileReference; includeInIndex = 1; lastKnownFileType = text.xcconfig; name = "Pods-send-a-map.release.xcconfig"; path = "Pods/Target Support Files/Pods-send-a-map/Pods-send-a-map.release.xcconfig"; sourceTree = "<group>"; };
		6A0F1F9C086A9FD359606057 /* Pods-send-a-map.debug.xcconfig */ = {isa = PBXFileReference; includeInIndex = 1; lastKnownFileType = text.xcconfig; name = "Pods-send-a-map.debug.xcconfig"; path = "Pods/Target Support Files/Pods-send-a-map/Pods-send-a-map.debug.xcconfig"; sourceTree = "<group>"; };
		7108809F742A16BED2E170F8 /* Pods-location-shareUITests.debug.xcconfig */ = {isa = PBXFileReference; includeInIndex = 1; lastKnownFileType = text.xcconfig; name = "Pods-location-shareUITests.debug.xcconfig"; path = "Pods/Target Support Files/Pods-location-shareUITests/Pods-location-shareUITests.debug.xcconfig"; sourceTree = "<group>"; };
		7BCA21398E6B5CF15B88B674 /* Pods_send_a_map.framework */ = {isa = PBXFileReference; explicitFileType = wrapper.framework; includeInIndex = 0; path = Pods_send_a_map.framework; sourceTree = BUILT_PRODUCTS_DIR; };
		7ED87CD0881669903B4B9379 /* Pods-location-share.debug.xcconfig */ = {isa = PBXFileReference; includeInIndex = 1; lastKnownFileType = text.xcconfig; name = "Pods-location-share.debug.xcconfig"; path = "Pods/Target Support Files/Pods-location-share/Pods-location-share.debug.xcconfig"; sourceTree = "<group>"; };
		9C180EA7AD5079782E12C7B4 /* Pods-location-share.release.xcconfig */ = {isa = PBXFileReference; includeInIndex = 1; lastKnownFileType = text.xcconfig; name = "Pods-location-share.release.xcconfig"; path = "Pods/Target Support Files/Pods-location-share/Pods-location-share.release.xcconfig"; sourceTree = "<group>"; };
		9C4F053421E369FCFECDC3A7 /* Pods-send-a-mapUITests.debug.xcconfig */ = {isa = PBXFileReference; includeInIndex = 1; lastKnownFileType = text.xcconfig; name = "Pods-send-a-mapUITests.debug.xcconfig"; path = "Pods/Target Support Files/Pods-send-a-mapUITests/Pods-send-a-mapUITests.debug.xcconfig"; sourceTree = "<group>"; };
		AEAF2FEFC4301D8A4CEF7D2F /* Pods_send_a_mapUITests.framework */ = {isa = PBXFileReference; explicitFileType = wrapper.framework; includeInIndex = 0; path = Pods_send_a_mapUITests.framework; sourceTree = BUILT_PRODUCTS_DIR; };
		B29B335E2AB1BB6252CAF31D /* libPods-location-shareUITests.a */ = {isa = PBXFileReference; explicitFileType = archive.ar; includeInIndex = 0; path = "libPods-location-shareUITests.a"; sourceTree = BUILT_PRODUCTS_DIR; };
		BC73F895B1DA5E9756DF7304 /* Pods_send_a_mapTests.framework */ = {isa = PBXFileReference; explicitFileType = wrapper.framework; includeInIndex = 0; path = Pods_send_a_mapTests.framework; sourceTree = BUILT_PRODUCTS_DIR; };
		DB77037BA5372FCA3F162F15 /* Pods-location-shareTests.release.xcconfig */ = {isa = PBXFileReference; includeInIndex = 1; lastKnownFileType = text.xcconfig; name = "Pods-location-shareTests.release.xcconfig"; path = "Pods/Target Support Files/Pods-location-shareTests/Pods-location-shareTests.release.xcconfig"; sourceTree = "<group>"; };
		DC9B5BFF72070E3901AD3AB7 /* Pods-send-a-map-Tests.debug.xcconfig */ = {isa = PBXFileReference; includeInIndex = 1; lastKnownFileType = text.xcconfig; name = "Pods-send-a-map-Tests.debug.xcconfig"; path = "Pods/Target Support Files/Pods-send-a-map-Tests/Pods-send-a-map-Tests.debug.xcconfig"; sourceTree = "<group>"; };
/* End PBXFileReference section */

/* Begin PBXFrameworksBuildPhase section */
		079F41F120E43725007EEB5E /* Frameworks */ = {
			isa = PBXFrameworksBuildPhase;
			buildActionMask = 2147483647;
			files = (
				282D9CC2FE42C419903A30EB /* Pods_send_a_map.framework in Frameworks */,
			);
			runOnlyForDeploymentPostprocessing = 0;
		};
		07AB219521C99FB600C2C5C4 /* Frameworks */ = {
			isa = PBXFrameworksBuildPhase;
			buildActionMask = 2147483647;
			files = (
				213EDEE0664F32DB44511C48 /* Pods_send_a_map_Tests.framework in Frameworks */,
			);
			runOnlyForDeploymentPostprocessing = 0;
		};
/* End PBXFrameworksBuildPhase section */

/* Begin PBXGroup section */
		079F41EB20E43725007EEB5E = {
			isa = PBXGroup;
			children = (
				079F41F620E43725007EEB5E /* send-a-map */,
				07AB219921C99FB600C2C5C4 /* send-a-map-Tests */,
				079F41F520E43725007EEB5E /* Products */,
				B9B05FCFDDD63C7E235A6951 /* Pods */,
				6C8610D315DBE4AAAF02CF42 /* Frameworks */,
			);
			sourceTree = "<group>";
		};
		079F41F520E43725007EEB5E /* Products */ = {
			isa = PBXGroup;
			children = (
				079F41F420E43725007EEB5E /* send-a-map.app */,
				07AB219821C99FB600C2C5C4 /* send-a-map-Tests.xctest */,
			);
			name = Products;
			sourceTree = "<group>";
		};
		079F41F620E43725007EEB5E /* send-a-map */ = {
			isa = PBXGroup;
			children = (
				079F41F720E43725007EEB5E /* AppDelegate.h */,
				079F41F820E43725007EEB5E /* AppDelegate.m */,
				079F41FA20E43725007EEB5E /* ViewController.h */,
				079F41FB20E43725007EEB5E /* ViewController.m */,
				079F41FD20E43725007EEB5E /* Main.storyboard */,
				079F420020E43727007EEB5E /* Assets.xcassets */,
				079F420220E43727007EEB5E /* LaunchScreen.storyboard */,
				079F420520E43727007EEB5E /* Info.plist */,
				079F420620E43727007EEB5E /* main.m */,
				07BC82E221CB1BE90068887F /* CustomDrawingView.h */,
				07BC82E321CB1BE90068887F /* CustomDrawingView.m */,
			);
			path = "send-a-map";
			sourceTree = "<group>";
		};
		07AB219921C99FB600C2C5C4 /* send-a-map-Tests */ = {
			isa = PBXGroup;
			children = (
				07AB219A21C99FB600C2C5C4 /* send_a_map_Tests.m */,
				07AB219C21C99FB600C2C5C4 /* Info.plist */,
			);
			path = "send-a-map-Tests";
			sourceTree = "<group>";
		};
		6C8610D315DBE4AAAF02CF42 /* Frameworks */ = {
			isa = PBXGroup;
			children = (
				0B0D6B517D990EDA50576B97 /* libPods-location-share.a */,
				1DCC4FD241816227A4C28F30 /* libPods-location-shareTests.a */,
				B29B335E2AB1BB6252CAF31D /* libPods-location-shareUITests.a */,
				7BCA21398E6B5CF15B88B674 /* Pods_send_a_map.framework */,
				BC73F895B1DA5E9756DF7304 /* Pods_send_a_mapTests.framework */,
				AEAF2FEFC4301D8A4CEF7D2F /* Pods_send_a_mapUITests.framework */,
				29918FBEBD69AC5B29966D58 /* Pods_send_a_map_Tests.framework */,
			);
			name = Frameworks;
			sourceTree = "<group>";
		};
		B9B05FCFDDD63C7E235A6951 /* Pods */ = {
			isa = PBXGroup;
			children = (
				7ED87CD0881669903B4B9379 /* Pods-location-share.debug.xcconfig */,
				9C180EA7AD5079782E12C7B4 /* Pods-location-share.release.xcconfig */,
				496C0B37F3806A9494033B20 /* Pods-location-shareTests.debug.xcconfig */,
				DB77037BA5372FCA3F162F15 /* Pods-location-shareTests.release.xcconfig */,
				7108809F742A16BED2E170F8 /* Pods-location-shareUITests.debug.xcconfig */,
				5EEE4F442E587E7A8AE969C9 /* Pods-location-shareUITests.release.xcconfig */,
				6A0F1F9C086A9FD359606057 /* Pods-send-a-map.debug.xcconfig */,
				66F5B2A9DF6F061B7FBFF67A /* Pods-send-a-map.release.xcconfig */,
				9C4F053421E369FCFECDC3A7 /* Pods-send-a-mapUITests.debug.xcconfig */,
				023509C97E833B9202AFAD60 /* Pods-send-a-mapUITests.release.xcconfig */,
				DC9B5BFF72070E3901AD3AB7 /* Pods-send-a-map-Tests.debug.xcconfig */,
				66A5D696BB0773C2B72026DF /* Pods-send-a-map-Tests.release.xcconfig */,
			);
			name = Pods;
			sourceTree = "<group>";
		};
/* End PBXGroup section */

/* Begin PBXNativeTarget section */
		079F41F320E43725007EEB5E /* send-a-map */ = {
			isa = PBXNativeTarget;
			buildConfigurationList = 079F422020E43727007EEB5E /* Build configuration list for PBXNativeTarget "send-a-map" */;
			buildPhases = (
				6D08BB8D5F10B7C52BE04856 /* [CP] Check Pods Manifest.lock */,
				079F41F020E43725007EEB5E /* Sources */,
				079F41F120E43725007EEB5E /* Frameworks */,
				079F41F220E43725007EEB5E /* Resources */,
				07A2921620E4951B002F3B44 /* Add Mapbox access token */,
				7BB14E767806079A3E6D2147 /* [CP] Embed Pods Frameworks */,
			);
			buildRules = (
			);
			dependencies = (
			);
			name = "send-a-map";
			productName = "location-share";
			productReference = 079F41F420E43725007EEB5E /* send-a-map.app */;
			productType = "com.apple.product-type.application";
		};
		07AB219721C99FB600C2C5C4 /* send-a-map-Tests */ = {
			isa = PBXNativeTarget;
			buildConfigurationList = 07AB219F21C99FB600C2C5C4 /* Build configuration list for PBXNativeTarget "send-a-map-Tests" */;
			buildPhases = (
				FB39E1887FD42C7082C983FE /* [CP] Check Pods Manifest.lock */,
				07AB219421C99FB600C2C5C4 /* Sources */,
				07AB219521C99FB600C2C5C4 /* Frameworks */,
				07AB219621C99FB600C2C5C4 /* Resources */,
				DAC55A79DBDE7AA3B99AE326 /* [CP] Embed Pods Frameworks */,
			);
			buildRules = (
			);
			dependencies = (
				07AB219E21C99FB600C2C5C4 /* PBXTargetDependency */,
			);
			name = "send-a-map-Tests";
			productName = "send-a-map-Tests";
			productReference = 07AB219821C99FB600C2C5C4 /* send-a-map-Tests.xctest */;
			productType = "com.apple.product-type.bundle.unit-test";
		};
/* End PBXNativeTarget section */

/* Begin PBXProject section */
		079F41EC20E43725007EEB5E /* Project object */ = {
			isa = PBXProject;
			attributes = {
				LastSwiftUpdateCheck = 1010;
				LastUpgradeCheck = 0940;
				ORGANIZATIONNAME = "Nadia Barbosa";
				TargetAttributes = {
					079F41F320E43725007EEB5E = {
						CreatedOnToolsVersion = 9.4.1;
					};
					07AB219721C99FB600C2C5C4 = {
						CreatedOnToolsVersion = 10.1;
						TestTargetID = 079F41F320E43725007EEB5E;
					};
				};
			};
			buildConfigurationList = 079F41EF20E43725007EEB5E /* Build configuration list for PBXProject "send-a-map" */;
			compatibilityVersion = "Xcode 9.3";
			developmentRegion = en;
			hasScannedForEncodings = 0;
			knownRegions = (
				en,
				Base,
			);
			mainGroup = 079F41EB20E43725007EEB5E;
			productRefGroup = 079F41F520E43725007EEB5E /* Products */;
			projectDirPath = "";
			projectRoot = "";
			targets = (
				079F41F320E43725007EEB5E /* send-a-map */,
				07AB219721C99FB600C2C5C4 /* send-a-map-Tests */,
			);
		};
/* End PBXProject section */

/* Begin PBXResourcesBuildPhase section */
		079F41F220E43725007EEB5E /* Resources */ = {
			isa = PBXResourcesBuildPhase;
			buildActionMask = 2147483647;
			files = (
				079F420420E43727007EEB5E /* LaunchScreen.storyboard in Resources */,
				079F420120E43727007EEB5E /* Assets.xcassets in Resources */,
				079F41FF20E43725007EEB5E /* Main.storyboard in Resources */,
			);
			runOnlyForDeploymentPostprocessing = 0;
		};
		07AB219621C99FB600C2C5C4 /* Resources */ = {
			isa = PBXResourcesBuildPhase;
			buildActionMask = 2147483647;
			files = (
			);
			runOnlyForDeploymentPostprocessing = 0;
		};
/* End PBXResourcesBuildPhase section */

/* Begin PBXShellScriptBuildPhase section */
		07A2921620E4951B002F3B44 /* Add Mapbox access token */ = {
			isa = PBXShellScriptBuildPhase;
			buildActionMask = 2147483647;
			files = (
			);
			inputPaths = (
				"$(TARGET_BUILD_DIR)/$(INFOPLIST_PATH)",
			);
			name = "Add Mapbox access token";
			outputPaths = (
			);
			runOnlyForDeploymentPostprocessing = 0;
			shellPath = /bin/sh;
			shellScript = "token_file=$SRCROOT/mapbox_access_token\ntoken=\"$(cat $token_file)\"\nif [ \"$token\" ]; then\nplutil -replace MGLMapboxAccessToken -string $token \"$TARGET_BUILD_DIR/$INFOPLIST_PATH\"\nelse\necho 'error: Missing Mapbox access token'\nopen 'https://www.mapbox.com/studio/account/tokens/'\necho \"error: Get an access token from <https://www.mapbox.com/studio/account/tokens/>, then create a new file at $token_file that contains the access token.\"\nexit 1\nfi\n";
		};
		6D08BB8D5F10B7C52BE04856 /* [CP] Check Pods Manifest.lock */ = {
			isa = PBXShellScriptBuildPhase;
			buildActionMask = 2147483647;
			files = (
			);
			inputPaths = (
				"${PODS_PODFILE_DIR_PATH}/Podfile.lock",
				"${PODS_ROOT}/Manifest.lock",
			);
			name = "[CP] Check Pods Manifest.lock";
			outputPaths = (
				"$(DERIVED_FILE_DIR)/Pods-send-a-map-checkManifestLockResult.txt",
			);
			runOnlyForDeploymentPostprocessing = 0;
			shellPath = /bin/sh;
			shellScript = "diff \"${PODS_PODFILE_DIR_PATH}/Podfile.lock\" \"${PODS_ROOT}/Manifest.lock\" > /dev/null\nif [ $? != 0 ] ; then\n    # print error to STDERR\n    echo \"error: The sandbox is not in sync with the Podfile.lock. Run 'pod install' or update your CocoaPods installation.\" >&2\n    exit 1\nfi\n# This output is used by Xcode 'outputs' to avoid re-running this script phase.\necho \"SUCCESS\" > \"${SCRIPT_OUTPUT_FILE_0}\"\n";
			showEnvVarsInLog = 0;
		};
		7BB14E767806079A3E6D2147 /* [CP] Embed Pods Frameworks */ = {
			isa = PBXShellScriptBuildPhase;
			buildActionMask = 2147483647;
			files = (
			);
			inputPaths = (
				"${PODS_ROOT}/Target Support Files/Pods-send-a-map/Pods-send-a-map-frameworks.sh",
				"${PODS_ROOT}/Mapbox-iOS-SDK/dynamic/Mapbox.framework",
				"${PODS_ROOT}/Mapbox-iOS-SDK/dynamic/Mapbox.framework.dSYM",
				"${BUILT_PRODUCTS_DIR}/MapboxStatic.swift/MapboxStatic.framework",
				"${BUILT_PRODUCTS_DIR}/Polyline/Polyline.framework",
			);
			name = "[CP] Embed Pods Frameworks";
			outputPaths = (
				"${TARGET_BUILD_DIR}/${FRAMEWORKS_FOLDER_PATH}/Mapbox.framework",
				"${DWARF_DSYM_FOLDER_PATH}/Mapbox.framework.dSYM",
				"${TARGET_BUILD_DIR}/${FRAMEWORKS_FOLDER_PATH}/MapboxStatic.framework",
				"${TARGET_BUILD_DIR}/${FRAMEWORKS_FOLDER_PATH}/Polyline.framework",
			);
			runOnlyForDeploymentPostprocessing = 0;
			shellPath = /bin/sh;
			shellScript = "\"${PODS_ROOT}/Target Support Files/Pods-send-a-map/Pods-send-a-map-frameworks.sh\"\n";
			showEnvVarsInLog = 0;
		};
		DAC55A79DBDE7AA3B99AE326 /* [CP] Embed Pods Frameworks */ = {
			isa = PBXShellScriptBuildPhase;
			buildActionMask = 2147483647;
			files = (
			);
			inputFileListPaths = (
			);
			inputPaths = (
				"${PODS_ROOT}/Target Support Files/Pods-send-a-map-Tests/Pods-send-a-map-Tests-frameworks.sh",
				"${PODS_ROOT}/Mapbox-iOS-SDK/dynamic/Mapbox.framework",
				"${PODS_ROOT}/Mapbox-iOS-SDK/dynamic/Mapbox.framework.dSYM",
				"${BUILT_PRODUCTS_DIR}/MapboxStatic.swift/MapboxStatic.framework",
				"${BUILT_PRODUCTS_DIR}/Polyline/Polyline.framework",
			);
			name = "[CP] Embed Pods Frameworks";
			outputFileListPaths = (
			);
			outputPaths = (
				"${TARGET_BUILD_DIR}/${FRAMEWORKS_FOLDER_PATH}/Mapbox.framework",
				"${DWARF_DSYM_FOLDER_PATH}/Mapbox.framework.dSYM",
				"${TARGET_BUILD_DIR}/${FRAMEWORKS_FOLDER_PATH}/MapboxStatic.framework",
				"${TARGET_BUILD_DIR}/${FRAMEWORKS_FOLDER_PATH}/Polyline.framework",
			);
			runOnlyForDeploymentPostprocessing = 0;
			shellPath = /bin/sh;
			shellScript = "\"${PODS_ROOT}/Target Support Files/Pods-send-a-map-Tests/Pods-send-a-map-Tests-frameworks.sh\"\n";
			showEnvVarsInLog = 0;
		};
		FB39E1887FD42C7082C983FE /* [CP] Check Pods Manifest.lock */ = {
			isa = PBXShellScriptBuildPhase;
			buildActionMask = 2147483647;
			files = (
			);
			inputFileListPaths = (
			);
			inputPaths = (
				"${PODS_PODFILE_DIR_PATH}/Podfile.lock",
				"${PODS_ROOT}/Manifest.lock",
			);
			name = "[CP] Check Pods Manifest.lock";
			outputFileListPaths = (
			);
			outputPaths = (
				"$(DERIVED_FILE_DIR)/Pods-send-a-map-Tests-checkManifestLockResult.txt",
			);
			runOnlyForDeploymentPostprocessing = 0;
			shellPath = /bin/sh;
			shellScript = "diff \"${PODS_PODFILE_DIR_PATH}/Podfile.lock\" \"${PODS_ROOT}/Manifest.lock\" > /dev/null\nif [ $? != 0 ] ; then\n    # print error to STDERR\n    echo \"error: The sandbox is not in sync with the Podfile.lock. Run 'pod install' or update your CocoaPods installation.\" >&2\n    exit 1\nfi\n# This output is used by Xcode 'outputs' to avoid re-running this script phase.\necho \"SUCCESS\" > \"${SCRIPT_OUTPUT_FILE_0}\"\n";
			showEnvVarsInLog = 0;
		};
/* End PBXShellScriptBuildPhase section */

/* Begin PBXSourcesBuildPhase section */
		079F41F020E43725007EEB5E /* Sources */ = {
			isa = PBXSourcesBuildPhase;
			buildActionMask = 2147483647;
			files = (
				07BC82E421CB1BE90068887F /* CustomDrawingView.m in Sources */,
				079F41FC20E43725007EEB5E /* ViewController.m in Sources */,
				079F420720E43727007EEB5E /* main.m in Sources */,
				079F41F920E43725007EEB5E /* AppDelegate.m in Sources */,
			);
			runOnlyForDeploymentPostprocessing = 0;
		};
		07AB219421C99FB600C2C5C4 /* Sources */ = {
			isa = PBXSourcesBuildPhase;
			buildActionMask = 2147483647;
			files = (
				07AB219B21C99FB600C2C5C4 /* send_a_map_Tests.m in Sources */,
			);
			runOnlyForDeploymentPostprocessing = 0;
		};
/* End PBXSourcesBuildPhase section */

/* Begin PBXTargetDependency section */
		07AB219E21C99FB600C2C5C4 /* PBXTargetDependency */ = {
			isa = PBXTargetDependency;
			target = 079F41F320E43725007EEB5E /* send-a-map */;
			targetProxy = 07AB219D21C99FB600C2C5C4 /* PBXContainerItemProxy */;
		};
/* End PBXTargetDependency section */

/* Begin PBXVariantGroup section */
		079F41FD20E43725007EEB5E /* Main.storyboard */ = {
			isa = PBXVariantGroup;
			children = (
				079F41FE20E43725007EEB5E /* Base */,
			);
			name = Main.storyboard;
			sourceTree = "<group>";
		};
		079F420220E43727007EEB5E /* LaunchScreen.storyboard */ = {
			isa = PBXVariantGroup;
			children = (
				079F420320E43727007EEB5E /* Base */,
			);
			name = LaunchScreen.storyboard;
			sourceTree = "<group>";
		};
/* End PBXVariantGroup section */

/* Begin XCBuildConfiguration section */
		079F421E20E43727007EEB5E /* Debug */ = {
			isa = XCBuildConfiguration;
			buildSettings = {
				ALWAYS_SEARCH_USER_PATHS = NO;
				CLANG_ANALYZER_NONNULL = YES;
				CLANG_ANALYZER_NUMBER_OBJECT_CONVERSION = YES_AGGRESSIVE;
				CLANG_CXX_LANGUAGE_STANDARD = "gnu++14";
				CLANG_CXX_LIBRARY = "libc++";
				CLANG_ENABLE_MODULES = YES;
				CLANG_ENABLE_OBJC_ARC = YES;
				CLANG_ENABLE_OBJC_WEAK = YES;
				CLANG_WARN_BLOCK_CAPTURE_AUTORELEASING = YES;
				CLANG_WARN_BOOL_CONVERSION = YES;
				CLANG_WARN_COMMA = YES;
				CLANG_WARN_CONSTANT_CONVERSION = YES;
				CLANG_WARN_DEPRECATED_OBJC_IMPLEMENTATIONS = YES;
				CLANG_WARN_DIRECT_OBJC_ISA_USAGE = YES_ERROR;
				CLANG_WARN_DOCUMENTATION_COMMENTS = YES;
				CLANG_WARN_EMPTY_BODY = YES;
				CLANG_WARN_ENUM_CONVERSION = YES;
				CLANG_WARN_INFINITE_RECURSION = YES;
				CLANG_WARN_INT_CONVERSION = YES;
				CLANG_WARN_NON_LITERAL_NULL_CONVERSION = YES;
				CLANG_WARN_OBJC_IMPLICIT_RETAIN_SELF = YES;
				CLANG_WARN_OBJC_LITERAL_CONVERSION = YES;
				CLANG_WARN_OBJC_ROOT_CLASS = YES_ERROR;
				CLANG_WARN_RANGE_LOOP_ANALYSIS = YES;
				CLANG_WARN_STRICT_PROTOTYPES = YES;
				CLANG_WARN_SUSPICIOUS_MOVE = YES;
				CLANG_WARN_UNGUARDED_AVAILABILITY = YES_AGGRESSIVE;
				CLANG_WARN_UNREACHABLE_CODE = YES;
				CLANG_WARN__DUPLICATE_METHOD_MATCH = YES;
				CODE_SIGN_IDENTITY = "iPhone Developer";
				COPY_PHASE_STRIP = NO;
				DEBUG_INFORMATION_FORMAT = dwarf;
				ENABLE_STRICT_OBJC_MSGSEND = YES;
				ENABLE_TESTABILITY = YES;
				GCC_C_LANGUAGE_STANDARD = gnu11;
				GCC_DYNAMIC_NO_PIC = NO;
				GCC_NO_COMMON_BLOCKS = YES;
				GCC_OPTIMIZATION_LEVEL = 0;
				GCC_PREPROCESSOR_DEFINITIONS = (
					"DEBUG=1",
					"$(inherited)",
				);
				GCC_WARN_64_TO_32_BIT_CONVERSION = YES;
				GCC_WARN_ABOUT_RETURN_TYPE = YES_ERROR;
				GCC_WARN_UNDECLARED_SELECTOR = YES;
				GCC_WARN_UNINITIALIZED_AUTOS = YES_AGGRESSIVE;
				GCC_WARN_UNUSED_FUNCTION = YES;
				GCC_WARN_UNUSED_VARIABLE = YES;
				IPHONEOS_DEPLOYMENT_TARGET = 11.4;
				MTL_ENABLE_DEBUG_INFO = YES;
				ONLY_ACTIVE_ARCH = YES;
				SDKROOT = iphoneos;
			};
			name = Debug;
		};
		079F421F20E43727007EEB5E /* Release */ = {
			isa = XCBuildConfiguration;
			buildSettings = {
				ALWAYS_SEARCH_USER_PATHS = NO;
				CLANG_ANALYZER_NONNULL = YES;
				CLANG_ANALYZER_NUMBER_OBJECT_CONVERSION = YES_AGGRESSIVE;
				CLANG_CXX_LANGUAGE_STANDARD = "gnu++14";
				CLANG_CXX_LIBRARY = "libc++";
				CLANG_ENABLE_MODULES = YES;
				CLANG_ENABLE_OBJC_ARC = YES;
				CLANG_ENABLE_OBJC_WEAK = YES;
				CLANG_WARN_BLOCK_CAPTURE_AUTORELEASING = YES;
				CLANG_WARN_BOOL_CONVERSION = YES;
				CLANG_WARN_COMMA = YES;
				CLANG_WARN_CONSTANT_CONVERSION = YES;
				CLANG_WARN_DEPRECATED_OBJC_IMPLEMENTATIONS = YES;
				CLANG_WARN_DIRECT_OBJC_ISA_USAGE = YES_ERROR;
				CLANG_WARN_DOCUMENTATION_COMMENTS = YES;
				CLANG_WARN_EMPTY_BODY = YES;
				CLANG_WARN_ENUM_CONVERSION = YES;
				CLANG_WARN_INFINITE_RECURSION = YES;
				CLANG_WARN_INT_CONVERSION = YES;
				CLANG_WARN_NON_LITERAL_NULL_CONVERSION = YES;
				CLANG_WARN_OBJC_IMPLICIT_RETAIN_SELF = YES;
				CLANG_WARN_OBJC_LITERAL_CONVERSION = YES;
				CLANG_WARN_OBJC_ROOT_CLASS = YES_ERROR;
				CLANG_WARN_RANGE_LOOP_ANALYSIS = YES;
				CLANG_WARN_STRICT_PROTOTYPES = YES;
				CLANG_WARN_SUSPICIOUS_MOVE = YES;
				CLANG_WARN_UNGUARDED_AVAILABILITY = YES_AGGRESSIVE;
				CLANG_WARN_UNREACHABLE_CODE = YES;
				CLANG_WARN__DUPLICATE_METHOD_MATCH = YES;
				CODE_SIGN_IDENTITY = "iPhone Developer";
				COPY_PHASE_STRIP = NO;
				DEBUG_INFORMATION_FORMAT = "dwarf-with-dsym";
				ENABLE_NS_ASSERTIONS = NO;
				ENABLE_STRICT_OBJC_MSGSEND = YES;
				GCC_C_LANGUAGE_STANDARD = gnu11;
				GCC_NO_COMMON_BLOCKS = YES;
				GCC_WARN_64_TO_32_BIT_CONVERSION = YES;
				GCC_WARN_ABOUT_RETURN_TYPE = YES_ERROR;
				GCC_WARN_UNDECLARED_SELECTOR = YES;
				GCC_WARN_UNINITIALIZED_AUTOS = YES_AGGRESSIVE;
				GCC_WARN_UNUSED_FUNCTION = YES;
				GCC_WARN_UNUSED_VARIABLE = YES;
				IPHONEOS_DEPLOYMENT_TARGET = 11.4;
				MTL_ENABLE_DEBUG_INFO = NO;
				SDKROOT = iphoneos;
				VALIDATE_PRODUCT = YES;
			};
			name = Release;
		};
		079F422120E43727007EEB5E /* Debug */ = {
			isa = XCBuildConfiguration;
			baseConfigurationReference = 6A0F1F9C086A9FD359606057 /* Pods-send-a-map.debug.xcconfig */;
			buildSettings = {
				ASSETCATALOG_COMPILER_APPICON_NAME = AppIcon;
				CODE_SIGN_STYLE = Automatic;
				DEVELOPMENT_TEAM = GJZR2MEM28;
				INFOPLIST_FILE = "send-a-map/Info.plist";
				LD_RUNPATH_SEARCH_PATHS = (
					"$(inherited)",
					"@executable_path/Frameworks",
				);
				PRODUCT_BUNDLE_IDENTIFIER = "com.mapbox.send-a-map";
				PRODUCT_NAME = "$(TARGET_NAME)";
				SWIFT_VERSION = 3.2;
				TARGETED_DEVICE_FAMILY = 1;
			};
			name = Debug;
		};
		079F422220E43727007EEB5E /* Release */ = {
			isa = XCBuildConfiguration;
			baseConfigurationReference = 66F5B2A9DF6F061B7FBFF67A /* Pods-send-a-map.release.xcconfig */;
			buildSettings = {
				ASSETCATALOG_COMPILER_APPICON_NAME = AppIcon;
				CODE_SIGN_STYLE = Automatic;
				DEVELOPMENT_TEAM = GJZR2MEM28;
				INFOPLIST_FILE = "send-a-map/Info.plist";
				LD_RUNPATH_SEARCH_PATHS = (
					"$(inherited)",
					"@executable_path/Frameworks",
				);
				PRODUCT_BUNDLE_IDENTIFIER = "com.mapbox.send-a-map";
				PRODUCT_NAME = "$(TARGET_NAME)";
				SWIFT_VERSION = 3.2;
				TARGETED_DEVICE_FAMILY = 1;
			};
			name = Release;
		};
		07AB21A021C99FB600C2C5C4 /* Debug */ = {
			isa = XCBuildConfiguration;
			baseConfigurationReference = DC9B5BFF72070E3901AD3AB7 /* Pods-send-a-map-Tests.debug.xcconfig */;
			buildSettings = {
				BUNDLE_LOADER = "$(TEST_HOST)";
				CODE_SIGN_STYLE = Automatic;
				DEVELOPMENT_TEAM = GJZR2MEM28;
				INFOPLIST_FILE = "send-a-map-Tests/Info.plist";
				IPHONEOS_DEPLOYMENT_TARGET = 12.1;
				LD_RUNPATH_SEARCH_PATHS = (
					"$(inherited)",
					"@executable_path/Frameworks",
					"@loader_path/Frameworks",
				);
				MTL_ENABLE_DEBUG_INFO = INCLUDE_SOURCE;
				MTL_FAST_MATH = YES;
				PRODUCT_BUNDLE_IDENTIFIER = "com.nbsa.send-a-map-Tests";
				PRODUCT_NAME = "$(TARGET_NAME)";
				TARGETED_DEVICE_FAMILY = "1,2";
				TEST_HOST = "$(BUILT_PRODUCTS_DIR)/send-a-map.app/send-a-map";
			};
			name = Debug;
		};
		07AB21A121C99FB600C2C5C4 /* Release */ = {
			isa = XCBuildConfiguration;
			baseConfigurationReference = 66A5D696BB0773C2B72026DF /* Pods-send-a-map-Tests.release.xcconfig */;
			buildSettings = {
				BUNDLE_LOADER = "$(TEST_HOST)";
				CODE_SIGN_STYLE = Automatic;
				DEVELOPMENT_TEAM = GJZR2MEM28;
				INFOPLIST_FILE = "send-a-map-Tests/Info.plist";
				IPHONEOS_DEPLOYMENT_TARGET = 12.1;
				LD_RUNPATH_SEARCH_PATHS = (
					"$(inherited)",
					"@executable_path/Frameworks",
					"@loader_path/Frameworks",
				);
				MTL_FAST_MATH = YES;
				PRODUCT_BUNDLE_IDENTIFIER = "com.nbsa.send-a-map-Tests";
				PRODUCT_NAME = "$(TARGET_NAME)";
				TARGETED_DEVICE_FAMILY = "1,2";
				TEST_HOST = "$(BUILT_PRODUCTS_DIR)/send-a-map.app/send-a-map";
			};
			name = Release;
		};
/* End XCBuildConfiguration section */

/* Begin XCConfigurationList section */
		079F41EF20E43725007EEB5E /* Build configuration list for PBXProject "send-a-map" */ = {
			isa = XCConfigurationList;
			buildConfigurations = (
				079F421E20E43727007EEB5E /* Debug */,
				079F421F20E43727007EEB5E /* Release */,
			);
			defaultConfigurationIsVisible = 0;
			defaultConfigurationName = Release;
		};
		079F422020E43727007EEB5E /* Build configuration list for PBXNativeTarget "send-a-map" */ = {
			isa = XCConfigurationList;
			buildConfigurations = (
				079F422120E43727007EEB5E /* Debug */,
				079F422220E43727007EEB5E /* Release */,
			);
			defaultConfigurationIsVisible = 0;
			defaultConfigurationName = Release;
		};
		07AB219F21C99FB600C2C5C4 /* Build configuration list for PBXNativeTarget "send-a-map-Tests" */ = {
			isa = XCConfigurationList;
			buildConfigurations = (
				07AB21A021C99FB600C2C5C4 /* Debug */,
				07AB21A121C99FB600C2C5C4 /* Release */,
			);
			defaultConfigurationIsVisible = 0;
			defaultConfigurationName = Release;
		};
/* End XCConfigurationList section */
	};
	rootObject = 079F41EC20E43725007EEB5E /* Project object */;
}
